
Microsoft Visual Studio Solution File, Format Version 12.00
# Visual Studio Version 17
VisualStudioVersion = 17.11.35222.181
MinimumVisualStudioVersion = 10.0.40219.1
Project("{FAE04EC0-301F-11D3-BF4B-00C04F79EFBC}") = "FizzBuzzApp", "FizzBuzzApp\FizzBuzzApp.csproj", "{BB212E94-D373-499D-B3CF-0C450788EED2}"
EndProject
Global
	GlobalSection(SolutionConfigurationPlatforms) = preSolution
		Debug|Any CPU = Debug|Any CPU
		Release|Any CPU = Release|Any CPU
	EndGlobalSection
	GlobalSection(ProjectConfigurationPlatforms) = postSolution
		{BB212E94-D373-499D-B3CF-0C450788EED2}.Debug|Any CPU.ActiveCfg = Debug|Any CPU
		{BB212E94-D373-499D-B3CF-0C450788EED2}.Debug|Any CPU.Build.0 = Debug|Any CPU
		{BB212E94-D373-499D-B3CF-0C450788EED2}.Release|Any CPU.ActiveCfg = Release|Any CPU
		{BB212E94-D373-499D-B3CF-0C450788EED2}.Release|Any CPU.Build.0 = Release|Any CPU
	EndGlobalSection
	GlobalSection(SolutionProperties) = preSolution
		HideSolutionNode = FALSE
	EndGlobalSection
	GlobalSection(ExtensibilityGlobals) = postSolution
		SolutionGuid = {2E6D1269-5761-4082-93BA-BCF09AD0BCA7}
	EndGlobalSection
EndGlobal
